// !$*UTF8*$!
{
	archiveVersion = 1;
	classes = {
	};
	objectVersion = 50;
	objects = {

/* Begin PBXBuildFile section */
		65CC258A24DFDAA40022AE10 /* AppDelegate.swift in Sources */ = {isa = PBXBuildFile; fileRef = 65CC258924DFDAA40022AE10 /* AppDelegate.swift */; };
		65CC258C24DFDAA40022AE10 /* SceneDelegate.swift in Sources */ = {isa = PBXBuildFile; fileRef = 65CC258B24DFDAA40022AE10 /* SceneDelegate.swift */; };
		65CC258E24DFDAA40022AE10 /* ContentView.swift in Sources */ = {isa = PBXBuildFile; fileRef = 65CC258D24DFDAA40022AE10 /* ContentView.swift */; };
		65CC259024DFDAA90022AE10 /* Assets.xcassets in Resources */ = {isa = PBXBuildFile; fileRef = 65CC258F24DFDAA90022AE10 /* Assets.xcassets */; };
		65CC259324DFDAA90022AE10 /* Preview Assets.xcassets in Resources */ = {isa = PBXBuildFile; fileRef = 65CC259224DFDAA90022AE10 /* Preview Assets.xcassets */; };
		65CC259624DFDAA90022AE10 /* LaunchScreen.storyboard in Resources */ = {isa = PBXBuildFile; fileRef = 65CC259424DFDAA90022AE10 /* LaunchScreen.storyboard */; };
		65CC25A124DFDAA90022AE10 /* swiftMoniTests.swift in Sources */ = {isa = PBXBuildFile; fileRef = 65CC25A024DFDAA90022AE10 /* swiftMoniTests.swift */; };
		65CC25AC24DFDAA90022AE10 /* swiftMoniUITests.swift in Sources */ = {isa = PBXBuildFile; fileRef = 65CC25AB24DFDAA90022AE10 /* swiftMoniUITests.swift */; };
		65CC25BC24DFEB520022AE10 /* data.swift in Sources */ = {isa = PBXBuildFile; fileRef = 65CC25BB24DFEB520022AE10 /* data.swift */; };
		65CC25BE24E00D0B0022AE10 /* MapView.swift in Sources */ = {isa = PBXBuildFile; fileRef = 65CC25BD24E00D0B0022AE10 /* MapView.swift */; };
		65CC25C024E02BB10022AE10 /* product.model.swift in Sources */ = {isa = PBXBuildFile; fileRef = 65CC25BF24E02BB10022AE10 /* product.model.swift */; };
		65CC25C224E048520022AE10 /* CircleImage.swift in Sources */ = {isa = PBXBuildFile; fileRef = 65CC25C124E048520022AE10 /* CircleImage.swift */; };
		65CC25C424E0608B0022AE10 /* User.swift in Sources */ = {isa = PBXBuildFile; fileRef = 65CC25C324E0608B0022AE10 /* User.swift */; };
		65CC25C624E0A9CD0022AE10 /* User.json in Resources */ = {isa = PBXBuildFile; fileRef = 65CC25C524E0A9CD0022AE10 /* User.json */; };
		65CC25C824E145A50022AE10 /* UserRow.swift in Sources */ = {isa = PBXBuildFile; fileRef = 65CC25C724E145A50022AE10 /* UserRow.swift */; };
/* End PBXBuildFile section */

/* Begin PBXContainerItemProxy section */
		65CC259D24DFDAA90022AE10 /* PBXContainerItemProxy */ = {
			isa = PBXContainerItemProxy;
			containerPortal = 65CC257E24DFDAA40022AE10 /* Project object */;
			proxyType = 1;
			remoteGlobalIDString = 65CC258524DFDAA40022AE10;
			remoteInfo = swiftMoni;
		};
		65CC25A824DFDAA90022AE10 /* PBXContainerItemProxy */ = {
			isa = PBXContainerItemProxy;
			containerPortal = 65CC257E24DFDAA40022AE10 /* Project object */;
			proxyType = 1;
			remoteGlobalIDString = 65CC258524DFDAA40022AE10;
			remoteInfo = swiftMoni;
		};
/* End PBXContainerItemProxy section */

/* Begin PBXFileReference section */
		65CC258624DFDAA40022AE10 /* swiftMoni.app */ = {isa = PBXFileReference; explicitFileType = wrapper.application; includeInIndex = 0; path = swiftMoni.app; sourceTree = BUILT_PRODUCTS_DIR; };
		65CC258924DFDAA40022AE10 /* AppDelegate.swift */ = {isa = PBXFileReference; lastKnownFileType = sourcecode.swift; path = AppDelegate.swift; sourceTree = "<group>"; };
		65CC258B24DFDAA40022AE10 /* SceneDelegate.swift */ = {isa = PBXFileReference; lastKnownFileType = sourcecode.swift; path = SceneDelegate.swift; sourceTree = "<group>"; };
		65CC258D24DFDAA40022AE10 /* ContentView.swift */ = {isa = PBXFileReference; lastKnownFileType = sourcecode.swift; path = ContentView.swift; sourceTree = "<group>"; };
		65CC258F24DFDAA90022AE10 /* Assets.xcassets */ = {isa = PBXFileReference; lastKnownFileType = folder.assetcatalog; path = Assets.xcassets; sourceTree = "<group>"; };
		65CC259224DFDAA90022AE10 /* Preview Assets.xcassets */ = {isa = PBXFileReference; lastKnownFileType = folder.assetcatalog; path = "Preview Assets.xcassets"; sourceTree = "<group>"; };
		65CC259524DFDAA90022AE10 /* Base */ = {isa = PBXFileReference; lastKnownFileType = file.storyboard; name = Base; path = Base.lproj/LaunchScreen.storyboard; sourceTree = "<group>"; };
		65CC259724DFDAA90022AE10 /* Info.plist */ = {isa = PBXFileReference; lastKnownFileType = text.plist.xml; path = Info.plist; sourceTree = "<group>"; };
		65CC259C24DFDAA90022AE10 /* swiftMoniTests.xctest */ = {isa = PBXFileReference; explicitFileType = wrapper.cfbundle; includeInIndex = 0; path = swiftMoniTests.xctest; sourceTree = BUILT_PRODUCTS_DIR; };
		65CC25A024DFDAA90022AE10 /* swiftMoniTests.swift */ = {isa = PBXFileReference; lastKnownFileType = sourcecode.swift; path = swiftMoniTests.swift; sourceTree = "<group>"; };
		65CC25A224DFDAA90022AE10 /* Info.plist */ = {isa = PBXFileReference; lastKnownFileType = text.plist.xml; path = Info.plist; sourceTree = "<group>"; };
		65CC25A724DFDAA90022AE10 /* swiftMoniUITests.xctest */ = {isa = PBXFileReference; explicitFileType = wrapper.cfbundle; includeInIndex = 0; path = swiftMoniUITests.xctest; sourceTree = BUILT_PRODUCTS_DIR; };
		65CC25AB24DFDAA90022AE10 /* swiftMoniUITests.swift */ = {isa = PBXFileReference; lastKnownFileType = sourcecode.swift; path = swiftMoniUITests.swift; sourceTree = "<group>"; };
		65CC25AD24DFDAA90022AE10 /* Info.plist */ = {isa = PBXFileReference; lastKnownFileType = text.plist.xml; path = Info.plist; sourceTree = "<group>"; };
		65CC25BB24DFEB520022AE10 /* data.swift */ = {isa = PBXFileReference; lastKnownFileType = sourcecode.swift; path = data.swift; sourceTree = "<group>"; };
		65CC25BD24E00D0B0022AE10 /* MapView.swift */ = {isa = PBXFileReference; lastKnownFileType = sourcecode.swift; path = MapView.swift; sourceTree = "<group>"; };
		65CC25BF24E02BB10022AE10 /* product.model.swift */ = {isa = PBXFileReference; lastKnownFileType = sourcecode.swift; path = product.model.swift; sourceTree = "<group>"; };
		65CC25C124E048520022AE10 /* CircleImage.swift */ = {isa = PBXFileReference; lastKnownFileType = sourcecode.swift; path = CircleImage.swift; sourceTree = "<group>"; };
		65CC25C324E0608B0022AE10 /* User.swift */ = {isa = PBXFileReference; lastKnownFileType = sourcecode.swift; path = User.swift; sourceTree = "<group>"; };
		65CC25C524E0A9CD0022AE10 /* User.json */ = {isa = PBXFileReference; fileEncoding = 4; lastKnownFileType = text.json; path = User.json; sourceTree = "<group>"; };
		65CC25C724E145A50022AE10 /* UserRow.swift */ = {isa = PBXFileReference; lastKnownFileType = sourcecode.swift; path = UserRow.swift; sourceTree = "<group>"; };
/* End PBXFileReference section */

/* Begin PBXFrameworksBuildPhase section */
		65CC258324DFDAA40022AE10 /* Frameworks */ = {
			isa = PBXFrameworksBuildPhase;
			buildActionMask = 2147483647;
			files = (
			);
			runOnlyForDeploymentPostprocessing = 0;
		};
		65CC259924DFDAA90022AE10 /* Frameworks */ = {
			isa = PBXFrameworksBuildPhase;
			buildActionMask = 2147483647;
			files = (
			);
			runOnlyForDeploymentPostprocessing = 0;
		};
		65CC25A424DFDAA90022AE10 /* Frameworks */ = {
			isa = PBXFrameworksBuildPhase;
			buildActionMask = 2147483647;
			files = (
			);
			runOnlyForDeploymentPostprocessing = 0;
		};
/* End PBXFrameworksBuildPhase section */

/* Begin PBXGroup section */
		65CC257D24DFDAA40022AE10 = {
			isa = PBXGroup;
			children = (
				65CC258824DFDAA40022AE10 /* swiftMoni */,
				65CC259F24DFDAA90022AE10 /* swiftMoniTests */,
				65CC25AA24DFDAA90022AE10 /* swiftMoniUITests */,
				65CC258724DFDAA40022AE10 /* Products */,
			);
			sourceTree = "<group>";
		};
		65CC258724DFDAA40022AE10 /* Products */ = {
			isa = PBXGroup;
			children = (
				65CC258624DFDAA40022AE10 /* swiftMoni.app */,
				65CC259C24DFDAA90022AE10 /* swiftMoniTests.xctest */,
				65CC25A724DFDAA90022AE10 /* swiftMoniUITests.xctest */,
			);
			name = Products;
			sourceTree = "<group>";
		};
		65CC258824DFDAA40022AE10 /* swiftMoni */ = {
			isa = PBXGroup;
			children = (
				65CC25C524E0A9CD0022AE10 /* User.json */,
				65CC258924DFDAA40022AE10 /* AppDelegate.swift */,
				65CC258B24DFDAA40022AE10 /* SceneDelegate.swift */,
				65CC258D24DFDAA40022AE10 /* ContentView.swift */,
				65CC258F24DFDAA90022AE10 /* Assets.xcassets */,
				65CC259424DFDAA90022AE10 /* LaunchScreen.storyboard */,
				65CC259724DFDAA90022AE10 /* Info.plist */,
				65CC259124DFDAA90022AE10 /* Preview Content */,
				65CC25BB24DFEB520022AE10 /* data.swift */,
				65CC25BD24E00D0B0022AE10 /* MapView.swift */,
				65CC25BF24E02BB10022AE10 /* product.model.swift */,
				65CC25C124E048520022AE10 /* CircleImage.swift */,
				65CC25C324E0608B0022AE10 /* User.swift */,
				65CC25C724E145A50022AE10 /* UserRow.swift */,
			);
			path = swiftMoni;
			sourceTree = "<group>";
		};
		65CC259124DFDAA90022AE10 /* Preview Content */ = {
			isa = PBXGroup;
			children = (
				65CC259224DFDAA90022AE10 /* Preview Assets.xcassets */,
			);
			path = "Preview Content";
			sourceTree = "<group>";
		};
		65CC259F24DFDAA90022AE10 /* swiftMoniTests */ = {
			isa = PBXGroup;
			children = (
				65CC25A024DFDAA90022AE10 /* swiftMoniTests.swift */,
				65CC25A224DFDAA90022AE10 /* Info.plist */,
			);
			path = swiftMoniTests;
			sourceTree = "<group>";
		};
		65CC25AA24DFDAA90022AE10 /* swiftMoniUITests */ = {
			isa = PBXGroup;
			children = (
				65CC25AB24DFDAA90022AE10 /* swiftMoniUITests.swift */,
				65CC25AD24DFDAA90022AE10 /* Info.plist */,
			);
			path = swiftMoniUITests;
			sourceTree = "<group>";
		};
/* End PBXGroup section */

/* Begin PBXNativeTarget section */
		65CC258524DFDAA40022AE10 /* swiftMoni */ = {
			isa = PBXNativeTarget;
			buildConfigurationList = 65CC25B024DFDAA90022AE10 /* Build configuration list for PBXNativeTarget "swiftMoni" */;
			buildPhases = (
				65CC258224DFDAA40022AE10 /* Sources */,
				65CC258324DFDAA40022AE10 /* Frameworks */,
				65CC258424DFDAA40022AE10 /* Resources */,
			);
			buildRules = (
			);
			dependencies = (
			);
			name = swiftMoni;
			productName = swiftMoni;
			productReference = 65CC258624DFDAA40022AE10 /* swiftMoni.app */;
			productType = "com.apple.product-type.application";
		};
		65CC259B24DFDAA90022AE10 /* swiftMoniTests */ = {
			isa = PBXNativeTarget;
			buildConfigurationList = 65CC25B324DFDAA90022AE10 /* Build configuration list for PBXNativeTarget "swiftMoniTests" */;
			buildPhases = (
				65CC259824DFDAA90022AE10 /* Sources */,
				65CC259924DFDAA90022AE10 /* Frameworks */,
				65CC259A24DFDAA90022AE10 /* Resources */,
			);
			buildRules = (
			);
			dependencies = (
				65CC259E24DFDAA90022AE10 /* PBXTargetDependency */,
			);
			name = swiftMoniTests;
			productName = swiftMoniTests;
			productReference = 65CC259C24DFDAA90022AE10 /* swiftMoniTests.xctest */;
			productType = "com.apple.product-type.bundle.unit-test";
		};
		65CC25A624DFDAA90022AE10 /* swiftMoniUITests */ = {
			isa = PBXNativeTarget;
			buildConfigurationList = 65CC25B624DFDAA90022AE10 /* Build configuration list for PBXNativeTarget "swiftMoniUITests" */;
			buildPhases = (
				65CC25A324DFDAA90022AE10 /* Sources */,
				65CC25A424DFDAA90022AE10 /* Frameworks */,
				65CC25A524DFDAA90022AE10 /* Resources */,
			);
			buildRules = (
			);
			dependencies = (
				65CC25A924DFDAA90022AE10 /* PBXTargetDependency */,
			);
			name = swiftMoniUITests;
			productName = swiftMoniUITests;
			productReference = 65CC25A724DFDAA90022AE10 /* swiftMoniUITests.xctest */;
			productType = "com.apple.product-type.bundle.ui-testing";
		};
/* End PBXNativeTarget section */

/* Begin PBXProject section */
		65CC257E24DFDAA40022AE10 /* Project object */ = {
			isa = PBXProject;
			attributes = {
				LastSwiftUpdateCheck = 1160;
				LastUpgradeCheck = 1160;
				ORGANIZATIONNAME = codedmonks;
				TargetAttributes = {
					65CC258524DFDAA40022AE10 = {
						CreatedOnToolsVersion = 11.6;
					};
					65CC259B24DFDAA90022AE10 = {
						CreatedOnToolsVersion = 11.6;
						TestTargetID = 65CC258524DFDAA40022AE10;
					};
					65CC25A624DFDAA90022AE10 = {
						CreatedOnToolsVersion = 11.6;
						TestTargetID = 65CC258524DFDAA40022AE10;
					};
				};
			};
			buildConfigurationList = 65CC258124DFDAA40022AE10 /* Build configuration list for PBXProject "swiftMoni" */;
			compatibilityVersion = "Xcode 9.3";
			developmentRegion = en;
			hasScannedForEncodings = 0;
			knownRegions = (
				en,
				Base,
			);
			mainGroup = 65CC257D24DFDAA40022AE10;
			productRefGroup = 65CC258724DFDAA40022AE10 /* Products */;
			projectDirPath = "";
			projectRoot = "";
			targets = (
				65CC258524DFDAA40022AE10 /* swiftMoni */,
				65CC259B24DFDAA90022AE10 /* swiftMoniTests */,
				65CC25A624DFDAA90022AE10 /* swiftMoniUITests */,
			);
		};
/* End PBXProject section */

/* Begin PBXResourcesBuildPhase section */
		65CC258424DFDAA40022AE10 /* Resources */ = {
			isa = PBXResourcesBuildPhase;
			buildActionMask = 2147483647;
			files = (
				65CC25C624E0A9CD0022AE10 /* User.json in Resources */,
				65CC259624DFDAA90022AE10 /* LaunchScreen.storyboard in Resources */,
				65CC259324DFDAA90022AE10 /* Preview Assets.xcassets in Resources */,
				65CC259024DFDAA90022AE10 /* Assets.xcassets in Resources */,
			);
			runOnlyForDeploymentPostprocessing = 0;
		};
		65CC259A24DFDAA90022AE10 /* Resources */ = {
			isa = PBXResourcesBuildPhase;
			buildActionMask = 2147483647;
			files = (
			);
			runOnlyForDeploymentPostprocessing = 0;
		};
		65CC25A524DFDAA90022AE10 /* Resources */ = {
			isa = PBXResourcesBuildPhase;
			buildActionMask = 2147483647;
			files = (
			);
			runOnlyForDeploymentPostprocessing = 0;
		};
/* End PBXResourcesBuildPhase section */

/* Begin PBXSourcesBuildPhase section */
		65CC258224DFDAA40022AE10 /* Sources */ = {
			isa = PBXSourcesBuildPhase;
			buildActionMask = 2147483647;
			files = (
				65CC258A24DFDAA40022AE10 /* AppDelegate.swift in Sources */,
				65CC258C24DFDAA40022AE10 /* SceneDelegate.swift in Sources */,
				65CC25C024E02BB10022AE10 /* product.model.swift in Sources */,
				65CC25C224E048520022AE10 /* CircleImage.swift in Sources */,
				65CC25C424E0608B0022AE10 /* User.swift in Sources */,
				65CC25BE24E00D0B0022AE10 /* MapView.swift in Sources */,
				65CC25C824E145A50022AE10 /* UserRow.swift in Sources */,
				65CC258E24DFDAA40022AE10 /* ContentView.swift in Sources */,
				65CC25BC24DFEB520022AE10 /* data.swift in Sources */,
			);
			runOnlyForDeploymentPostprocessing = 0;
		};
		65CC259824DFDAA90022AE10 /* Sources */ = {
			isa = PBXSourcesBuildPhase;
			buildActionMask = 2147483647;
			files = (
				65CC25A124DFDAA90022AE10 /* swiftMoniTests.swift in Sources */,
			);
			runOnlyForDeploymentPostprocessing = 0;
		};
		65CC25A324DFDAA90022AE10 /* Sources */ = {
			isa = PBXSourcesBuildPhase;
			buildActionMask = 2147483647;
			files = (
				65CC25AC24DFDAA90022AE10 /* swiftMoniUITests.swift in Sources */,
			);
			runOnlyForDeploymentPostprocessing = 0;
		};
/* End PBXSourcesBuildPhase section */

/* Begin PBXTargetDependency section */
		65CC259E24DFDAA90022AE10 /* PBXTargetDependency */ = {
			isa = PBXTargetDependency;
			target = 65CC258524DFDAA40022AE10 /* swiftMoni */;
			targetProxy = 65CC259D24DFDAA90022AE10 /* PBXContainerItemProxy */;
		};
		65CC25A924DFDAA90022AE10 /* PBXTargetDependency */ = {
			isa = PBXTargetDependency;
			target = 65CC258524DFDAA40022AE10 /* swiftMoni */;
			targetProxy = 65CC25A824DFDAA90022AE10 /* PBXContainerItemProxy */;
		};
/* End PBXTargetDependency section */

/* Begin PBXVariantGroup section */
		65CC259424DFDAA90022AE10 /* LaunchScreen.storyboard */ = {
			isa = PBXVariantGroup;
			children = (
				65CC259524DFDAA90022AE10 /* Base */,
			);
			name = LaunchScreen.storyboard;
			sourceTree = "<group>";
		};
/* End PBXVariantGroup section */

/* Begin XCBuildConfiguration section */
		65CC25AE24DFDAA90022AE10 /* Debug */ = {
			isa = XCBuildConfiguration;
			buildSettings = {
				ALWAYS_SEARCH_USER_PATHS = NO;
				CLANG_ANALYZER_NONNULL = YES;
				CLANG_ANALYZER_NUMBER_OBJECT_CONVERSION = YES_AGGRESSIVE;
				CLANG_CXX_LANGUAGE_STANDARD = "gnu++14";
				CLANG_CXX_LIBRARY = "libc++";
				CLANG_ENABLE_MODULES = YES;
				CLANG_ENABLE_OBJC_ARC = YES;
				CLANG_ENABLE_OBJC_WEAK = YES;
				CLANG_WARN_BLOCK_CAPTURE_AUTORELEASING = YES;
				CLANG_WARN_BOOL_CONVERSION = YES;
				CLANG_WARN_COMMA = YES;
				CLANG_WARN_CONSTANT_CONVERSION = YES;
				CLANG_WARN_DEPRECATED_OBJC_IMPLEMENTATIONS = YES;
				CLANG_WARN_DIRECT_OBJC_ISA_USAGE = YES_ERROR;
				CLANG_WARN_DOCUMENTATION_COMMENTS = YES;
				CLANG_WARN_EMPTY_BODY = YES;
				CLANG_WARN_ENUM_CONVERSION = YES;
				CLANG_WARN_INFINITE_RECURSION = YES;
				CLANG_WARN_INT_CONVERSION = YES;
				CLANG_WARN_NON_LITERAL_NULL_CONVERSION = YES;
				CLANG_WARN_OBJC_IMPLICIT_RETAIN_SELF = YES;
				CLANG_WARN_OBJC_LITERAL_CONVERSION = YES;
				CLANG_WARN_OBJC_ROOT_CLASS = YES_ERROR;
				CLANG_WARN_RANGE_LOOP_ANALYSIS = YES;
				CLANG_WARN_STRICT_PROTOTYPES = YES;
				CLANG_WARN_SUSPICIOUS_MOVE = YES;
				CLANG_WARN_UNGUARDED_AVAILABILITY = YES_AGGRESSIVE;
				CLANG_WARN_UNREACHABLE_CODE = YES;
				CLANG_WARN__DUPLICATE_METHOD_MATCH = YES;
				COPY_PHASE_STRIP = NO;
				DEBUG_INFORMATION_FORMAT = dwarf;
				ENABLE_STRICT_OBJC_MSGSEND = YES;
				ENABLE_TESTABILITY = YES;
				GCC_C_LANGUAGE_STANDARD = gnu11;
				GCC_DYNAMIC_NO_PIC = NO;
				GCC_NO_COMMON_BLOCKS = YES;
				GCC_OPTIMIZATION_LEVEL = 0;
				GCC_PREPROCESSOR_DEFINITIONS = (
					"DEBUG=1",
					"$(inherited)",
				);
				GCC_WARN_64_TO_32_BIT_CONVERSION = YES;
				GCC_WARN_ABOUT_RETURN_TYPE = YES_ERROR;
				GCC_WARN_UNDECLARED_SELECTOR = YES;
				GCC_WARN_UNINITIALIZED_AUTOS = YES_AGGRESSIVE;
				GCC_WARN_UNUSED_FUNCTION = YES;
				GCC_WARN_UNUSED_VARIABLE = YES;
				IPHONEOS_DEPLOYMENT_TARGET = 13.6;
				MTL_ENABLE_DEBUG_INFO = INCLUDE_SOURCE;
				MTL_FAST_MATH = YES;
				ONLY_ACTIVE_ARCH = YES;
				SDKROOT = iphoneos;
				SWIFT_ACTIVE_COMPILATION_CONDITIONS = DEBUG;
				SWIFT_OPTIMIZATION_LEVEL = "-Onone";
			};
			name = Debug;
		};
		65CC25AF24DFDAA90022AE10 /* Release */ = {
			isa = XCBuildConfiguration;
			buildSettings = {
				ALWAYS_SEARCH_USER_PATHS = NO;
				CLANG_ANALYZER_NONNULL = YES;
				CLANG_ANALYZER_NUMBER_OBJECT_CONVERSION = YES_AGGRESSIVE;
				CLANG_CXX_LANGUAGE_STANDARD = "gnu++14";
				CLANG_CXX_LIBRARY = "libc++";
				CLANG_ENABLE_MODULES = YES;
				CLANG_ENABLE_OBJC_ARC = YES;
				CLANG_ENABLE_OBJC_WEAK = YES;
				CLANG_WARN_BLOCK_CAPTURE_AUTORELEASING = YES;
				CLANG_WARN_BOOL_CONVERSION = YES;
				CLANG_WARN_COMMA = YES;
				CLANG_WARN_CONSTANT_CONVERSION = YES;
				CLANG_WARN_DEPRECATED_OBJC_IMPLEMENTATIONS = YES;
				CLANG_WARN_DIRECT_OBJC_ISA_USAGE = YES_ERROR;
				CLANG_WARN_DOCUMENTATION_COMMENTS = YES;
				CLANG_WARN_EMPTY_BODY = YES;
				CLANG_WARN_ENUM_CONVERSION = YES;
				CLANG_WARN_INFINITE_RECURSION = YES;
				CLANG_WARN_INT_CONVERSION = YES;
				CLANG_WARN_NON_LITERAL_NULL_CONVERSION = YES;
				CLANG_WARN_OBJC_IMPLICIT_RETAIN_SELF = YES;
				CLANG_WARN_OBJC_LITERAL_CONVERSION = YES;
				CLANG_WARN_OBJC_ROOT_CLASS = YES_ERROR;
				CLANG_WARN_RANGE_LOOP_ANALYSIS = YES;
				CLANG_WARN_STRICT_PROTOTYPES = YES;
				CLANG_WARN_SUSPICIOUS_MOVE = YES;
				CLANG_WARN_UNGUARDED_AVAILABILITY = YES_AGGRESSIVE;
				CLANG_WARN_UNREACHABLE_CODE = YES;
				CLANG_WARN__DUPLICATE_METHOD_MATCH = YES;
				COPY_PHASE_STRIP = NO;
				DEBUG_INFORMATION_FORMAT = "dwarf-with-dsym";
				ENABLE_NS_ASSERTIONS = NO;
				ENABLE_STRICT_OBJC_MSGSEND = YES;
				GCC_C_LANGUAGE_STANDARD = gnu11;
				GCC_NO_COMMON_BLOCKS = YES;
				GCC_WARN_64_TO_32_BIT_CONVERSION = YES;
				GCC_WARN_ABOUT_RETURN_TYPE = YES_ERROR;
				GCC_WARN_UNDECLARED_SELECTOR = YES;
				GCC_WARN_UNINITIALIZED_AUTOS = YES_AGGRESSIVE;
				GCC_WARN_UNUSED_FUNCTION = YES;
				GCC_WARN_UNUSED_VARIABLE = YES;
				IPHONEOS_DEPLOYMENT_TARGET = 13.6;
				MTL_ENABLE_DEBUG_INFO = NO;
				MTL_FAST_MATH = YES;
				SDKROOT = iphoneos;
				SWIFT_COMPILATION_MODE = wholemodule;
				SWIFT_OPTIMIZATION_LEVEL = "-O";
				VALIDATE_PRODUCT = YES;
			};
			name = Release;
		};
		65CC25B124DFDAA90022AE10 /* Debug */ = {
			isa = XCBuildConfiguration;
			buildSettings = {
				ASSETCATALOG_COMPILER_APPICON_NAME = AppIcon;
				CODE_SIGN_STYLE = Automatic;
				DEVELOPMENT_ASSET_PATHS = "\"swiftMoni/Preview Content\"";
				DEVELOPMENT_TEAM = UJRF878VQJ;
				ENABLE_PREVIEWS = YES;
				INFOPLIST_FILE = swiftMoni/Info.plist;
				LD_RUNPATH_SEARCH_PATHS = (
					"$(inherited)",
					"@executable_path/Frameworks",
				);
				PRODUCT_BUNDLE_IDENTIFIER = com.codedmonks.app.swiftMoni;
				PRODUCT_NAME = "$(TARGET_NAME)";
				SWIFT_VERSION = 5.0;
				TARGETED_DEVICE_FAMILY = "1,2";
			};
			name = Debug;
		};
		65CC25B224DFDAA90022AE10 /* Release */ = {
			isa = XCBuildConfiguration;
			buildSettings = {
				ASSETCATALOG_COMPILER_APPICON_NAME = AppIcon;
				CODE_SIGN_STYLE = Automatic;
				DEVELOPMENT_ASSET_PATHS = "\"swiftMoni/Preview Content\"";
				DEVELOPMENT_TEAM = UJRF878VQJ;
				ENABLE_PREVIEWS = YES;
				INFOPLIST_FILE = swiftMoni/Info.plist;
				LD_RUNPATH_SEARCH_PATHS = (
					"$(inherited)",
					"@executable_path/Frameworks",
				);
				PRODUCT_BUNDLE_IDENTIFIER = com.codedmonks.app.swiftMoni;
				PRODUCT_NAME = "$(TARGET_NAME)";
				SWIFT_VERSION = 5.0;
				TARGETED_DEVICE_FAMILY = "1,2";
			};
			name = Release;
		};
		65CC25B424DFDAA90022AE10 /* Debug */ = {
			isa = XCBuildConfiguration;
			buildSettings = {
				ALWAYS_EMBED_SWIFT_STANDARD_LIBRARIES = YES;
				BUNDLE_LOADER = "$(TEST_HOST)";
				CODE_SIGN_STYLE = Automatic;
				DEVELOPMENT_TEAM = UJRF878VQJ;
				INFOPLIST_FILE = swiftMoniTests/Info.plist;
				IPHONEOS_DEPLOYMENT_TARGET = 13.6;
				LD_RUNPATH_SEARCH_PATHS = (
					"$(inherited)",
					"@executable_path/Frameworks",
					"@loader_path/Frameworks",
				);
				PRODUCT_BUNDLE_IDENTIFIER = com.codedmonks.app.swiftMoniTests;
				PRODUCT_NAME = "$(TARGET_NAME)";
				SWIFT_VERSION = 5.0;
				TARGETED_DEVICE_FAMILY = "1,2";
				TEST_HOST = "$(BUILT_PRODUCTS_DIR)/swiftMoni.app/swiftMoni";
			};
			name = Debug;
		};
		65CC25B524DFDAA90022AE10 /* Release */ = {
			isa = XCBuildConfiguration;
			buildSettings = {
				ALWAYS_EMBED_SWIFT_STANDARD_LIBRARIES = YES;
				BUNDLE_LOADER = "$(TEST_HOST)";
				CODE_SIGN_STYLE = Automatic;
				DEVELOPMENT_TEAM = UJRF878VQJ;
				INFOPLIST_FILE = swiftMoniTests/Info.plist;
				IPHONEOS_DEPLOYMENT_TARGET = 13.6;
				LD_RUNPATH_SEARCH_PATHS = (
					"$(inherited)",
					"@executable_path/Frameworks",
					"@loader_path/Frameworks",
				);
				PRODUCT_BUNDLE_IDENTIFIER = com.codedmonks.app.swiftMoniTests;
				PRODUCT_NAME = "$(TARGET_NAME)";
				SWIFT_VERSION = 5.0;
				TARGETED_DEVICE_FAMILY = "1,2";
				TEST_HOST = "$(BUILT_PRODUCTS_DIR)/swiftMoni.app/swiftMoni";
			};
			name = Release;
		};
		65CC25B724DFDAA90022AE10 /* Debug */ = {
			isa = XCBuildConfiguration;
			buildSettings = {
				ALWAYS_EMBED_SWIFT_STANDARD_LIBRARIES = YES;
				CODE_SIGN_STYLE = Automatic;
				DEVELOPMENT_TEAM = UJRF878VQJ;
				INFOPLIST_FILE = swiftMoniUITests/Info.plist;
				LD_RUNPATH_SEARCH_PATHS = (
					"$(inherited)",
					"@executable_path/Frameworks",
					"@loader_path/Frameworks",
				);
				PRODUCT_BUNDLE_IDENTIFIER = com.codedmonks.app.swiftMoniUITests;
				PRODUCT_NAME = "$(TARGET_NAME)";
				SWIFT_VERSION = 5.0;
				TARGETED_DEVICE_FAMILY = "1,2";
				TEST_TARGET_NAME = swiftMoni;
			};
			name = Debug;
		};
		65CC25B824DFDAA90022AE10 /* Release */ = {
			isa = XCBuildConfiguration;
			buildSettings = {
				ALWAYS_EMBED_SWIFT_STANDARD_LIBRARIES = YES;
				CODE_SIGN_STYLE = Automatic;
				DEVELOPMENT_TEAM = UJRF878VQJ;
				INFOPLIST_FILE = swiftMoniUITests/Info.plist;
				LD_RUNPATH_SEARCH_PATHS = (
					"$(inherited)",
					"@executable_path/Frameworks",
					"@loader_path/Frameworks",
				);
				PRODUCT_BUNDLE_IDENTIFIER = com.codedmonks.app.swiftMoniUITests;
				PRODUCT_NAME = "$(TARGET_NAME)";
				SWIFT_VERSION = 5.0;
				TARGETED_DEVICE_FAMILY = "1,2";
				TEST_TARGET_NAME = swiftMoni;
			};
			name = Release;
		};
/* End XCBuildConfiguration section */

/* Begin XCConfigurationList section */
		65CC258124DFDAA40022AE10 /* Build configuration list for PBXProject "swiftMoni" */ = {
			isa = XCConfigurationList;
			buildConfigurations = (
				65CC25AE24DFDAA90022AE10 /* Debug */,
				65CC25AF24DFDAA90022AE10 /* Release */,
			);
			defaultConfigurationIsVisible = 0;
			defaultConfigurationName = Release;
		};
		65CC25B024DFDAA90022AE10 /* Build configuration list for PBXNativeTarget "swiftMoni" */ = {
			isa = XCConfigurationList;
			buildConfigurations = (
				65CC25B124DFDAA90022AE10 /* Debug */,
				65CC25B224DFDAA90022AE10 /* Release */,
			);
			defaultConfigurationIsVisible = 0;
			defaultConfigurationName = Release;
		};
		65CC25B324DFDAA90022AE10 /* Build configuration list for PBXNativeTarget "swiftMoniTests" */ = {
			isa = XCConfigurationList;
			buildConfigurations = (
				65CC25B424DFDAA90022AE10 /* Debug */,
				65CC25B524DFDAA90022AE10 /* Release */,
			);
			defaultConfigurationIsVisible = 0;
			defaultConfigurationName = Release;
		};
		65CC25B624DFDAA90022AE10 /* Build configuration list for PBXNativeTarget "swiftMoniUITests" */ = {
			isa = XCConfigurationList;
			buildConfigurations = (
				65CC25B724DFDAA90022AE10 /* Debug */,
				65CC25B824DFDAA90022AE10 /* Release */,
			);
			defaultConfigurationIsVisible = 0;
			defaultConfigurationName = Release;
		};
/* End XCConfigurationList section */
	};
	rootObject = 65CC257E24DFDAA40022AE10 /* Project object */;
}
